
Microsoft Visual Studio Solution File, Format Version 12.00
# Visual Studio Version 17
VisualStudioVersion = 17.3.32825.248
MinimumVisualStudioVersion = 10.0.40219.1
Project("{FAE04EC0-301F-11D3-BF4B-00C04F79EFBC}") = "MVCExample", "MVCExample.csproj", "{D1161FF4-FCFB-4123-BDBC-CC04C0F06B4C}"
EndProject
Global
	GlobalSection(SolutionConfigurationPlatforms) = preSolution
		Debug|Any CPU = Debug|Any CPU
		Release|Any CPU = Release|Any CPU
	EndGlobalSection
	GlobalSection(ProjectConfigurationPlatforms) = postSolution
		{D1161FF4-FCFB-4123-BDBC-CC04C0F06B4C}.Debug|Any CPU.ActiveCfg = Debug|Any CPU
		{D1161FF4-FCFB-4123-BDBC-CC04C0F06B4C}.Debug|Any CPU.Build.0 = Debug|Any CPU
		{D1161FF4-FCFB-4123-BDBC-CC04C0F06B4C}.Release|Any CPU.ActiveCfg = Release|Any CPU
		{D1161FF4-FCFB-4123-BDBC-CC04C0F06B4C}.Release|Any CPU.Build.0 = Release|Any CPU
	EndGlobalSection
	GlobalSection(SolutionProperties) = preSolution
		HideSolutionNode = FALSE
	EndGlobalSection
	GlobalSection(ExtensibilityGlobals) = postSolution
		SolutionGuid = {66ECD54E-774A-40B9-8EDD-F52C84170713}
	EndGlobalSection
EndGlobal
